// !$*UTF8*$!
{
	archiveVersion = 1;
	classes = {
	};
	objectVersion = 48;
	objects = {

/* Begin PBXBuildFile section */
		3A5276A420689E08003E621C /* AppDelegate.swift in Sources */ = {isa = PBXBuildFile; fileRef = 3A5276A320689E08003E621C /* AppDelegate.swift */; };
		3A5276A620689E08003E621C /* WelcomeVC.swift in Sources */ = {isa = PBXBuildFile; fileRef = 3A5276A520689E08003E621C /* WelcomeVC.swift */; };
		3A5276A920689E08003E621C /* Main.storyboard in Resources */ = {isa = PBXBuildFile; fileRef = 3A5276A720689E08003E621C /* Main.storyboard */; };
		3A5276AB20689E08003E621C /* Assets.xcassets in Resources */ = {isa = PBXBuildFile; fileRef = 3A5276AA20689E08003E621C /* Assets.xcassets */; };
		3A5276AE20689E08003E621C /* LaunchScreen.storyboard in Resources */ = {isa = PBXBuildFile; fileRef = 3A5276AC20689E08003E621C /* LaunchScreen.storyboard */; };
		3A5276B72068A1F2003E621C /* BorderButton.swift in Sources */ = {isa = PBXBuildFile; fileRef = 3A5276B62068A1F2003E621C /* BorderButton.swift */; };
		3A5276BB2068C046003E621C /* LeagueVC.swift in Sources */ = {isa = PBXBuildFile; fileRef = 3A5276BA2068C046003E621C /* LeagueVC.swift */; };
		3A5276BD2068C067003E621C /* SkillVC.swift in Sources */ = {isa = PBXBuildFile; fileRef = 3A5276BC2068C067003E621C /* SkillVC.swift */; };
/* End PBXBuildFile section */

/* Begin PBXFileReference section */
		3A5276A020689E08003E621C /* app-swoosh-drmusic45.app */ = {isa = PBXFileReference; explicitFileType = wrapper.application; includeInIndex = 0; path = "app-swoosh-drmusic45.app"; sourceTree = BUILT_PRODUCTS_DIR; };
		3A5276A320689E08003E621C /* AppDelegate.swift */ = {isa = PBXFileReference; lastKnownFileType = sourcecode.swift; path = AppDelegate.swift; sourceTree = "<group>"; };
		3A5276A520689E08003E621C /* WelcomeVC.swift */ = {isa = PBXFileReference; lastKnownFileType = sourcecode.swift; path = WelcomeVC.swift; sourceTree = "<group>"; };
		3A5276A820689E08003E621C /* Base */ = {isa = PBXFileReference; lastKnownFileType = file.storyboard; name = Base; path = Base.lproj/Main.storyboard; sourceTree = "<group>"; };
		3A5276AA20689E08003E621C /* Assets.xcassets */ = {isa = PBXFileReference; lastKnownFileType = folder.assetcatalog; path = Assets.xcassets; sourceTree = "<group>"; };
		3A5276AD20689E08003E621C /* Base */ = {isa = PBXFileReference; lastKnownFileType = file.storyboard; name = Base; path = Base.lproj/LaunchScreen.storyboard; sourceTree = "<group>"; };
		3A5276AF20689E08003E621C /* Info.plist */ = {isa = PBXFileReference; lastKnownFileType = text.plist.xml; path = Info.plist; sourceTree = "<group>"; };
		3A5276B62068A1F2003E621C /* BorderButton.swift */ = {isa = PBXFileReference; lastKnownFileType = sourcecode.swift; path = BorderButton.swift; sourceTree = "<group>"; };
		3A5276BA2068C046003E621C /* LeagueVC.swift */ = {isa = PBXFileReference; lastKnownFileType = sourcecode.swift; path = LeagueVC.swift; sourceTree = "<group>"; };
		3A5276BC2068C067003E621C /* SkillVC.swift */ = {isa = PBXFileReference; lastKnownFileType = sourcecode.swift; path = SkillVC.swift; sourceTree = "<group>"; };
/* End PBXFileReference section */

/* Begin PBXFrameworksBuildPhase section */
		3A52769D20689E08003E621C /* Frameworks */ = {
			isa = PBXFrameworksBuildPhase;
			buildActionMask = 2147483647;
			files = (
			);
			runOnlyForDeploymentPostprocessing = 0;
		};
/* End PBXFrameworksBuildPhase section */

/* Begin PBXGroup section */
		3A52769720689E08003E621C = {
			isa = PBXGroup;
			children = (
				3A5276A220689E08003E621C /* app-swoosh-drmusic45 */,
				3A5276A120689E08003E621C /* Products */,
			);
			sourceTree = "<group>";
		};
		3A5276A120689E08003E621C /* Products */ = {
			isa = PBXGroup;
			children = (
				3A5276A020689E08003E621C /* app-swoosh-drmusic45.app */,
			);
			name = Products;
			sourceTree = "<group>";
		};
		3A5276A220689E08003E621C /* app-swoosh-drmusic45 */ = {
			isa = PBXGroup;
			children = (
				3A5276B92068BFAF003E621C /* Controller */,
				3A5276B82068BFA9003E621C /* Model */,
				3A5276B52068A1A5003E621C /* View */,
				3A5276A320689E08003E621C /* AppDelegate.swift */,
				3A5276A720689E08003E621C /* Main.storyboard */,
				3A5276AA20689E08003E621C /* Assets.xcassets */,
				3A5276AC20689E08003E621C /* LaunchScreen.storyboard */,
				3A5276AF20689E08003E621C /* Info.plist */,
			);
			path = "app-swoosh-drmusic45";
			sourceTree = "<group>";
		};
		3A5276B52068A1A5003E621C /* View */ = {
			isa = PBXGroup;
			children = (
				3A5276B62068A1F2003E621C /* BorderButton.swift */,
			);
			path = View;
			sourceTree = "<group>";
		};
		3A5276B82068BFA9003E621C /* Model */ = {
			isa = PBXGroup;
			children = (
			);
			path = Model;
			sourceTree = "<group>";
		};
		3A5276B92068BFAF003E621C /* Controller */ = {
			isa = PBXGroup;
			children = (
				3A5276A520689E08003E621C /* WelcomeVC.swift */,
				3A5276BA2068C046003E621C /* LeagueVC.swift */,
				3A5276BC2068C067003E621C /* SkillVC.swift */,
			);
			path = Controller;
			sourceTree = "<group>";
		};
/* End PBXGroup section */

/* Begin PBXNativeTarget section */
		3A52769F20689E08003E621C /* app-swoosh-drmusic45 */ = {
			isa = PBXNativeTarget;
			buildConfigurationList = 3A5276B220689E08003E621C /* Build configuration list for PBXNativeTarget "app-swoosh-drmusic45" */;
			buildPhases = (
				3A52769C20689E08003E621C /* Sources */,
				3A52769D20689E08003E621C /* Frameworks */,
				3A52769E20689E08003E621C /* Resources */,
			);
			buildRules = (
			);
			dependencies = (
			);
			name = "app-swoosh-drmusic45";
			productName = "app-swoosh-drmusic45";
			productReference = 3A5276A020689E08003E621C /* app-swoosh-drmusic45.app */;
			productType = "com.apple.product-type.application";
		};
/* End PBXNativeTarget section */

/* Begin PBXProject section */
		3A52769820689E08003E621C /* Project object */ = {
			isa = PBXProject;
			attributes = {
				LastSwiftUpdateCheck = 0920;
				LastUpgradeCheck = 0920;
				ORGANIZATIONNAME = mobilestudio;
				TargetAttributes = {
					3A52769F20689E08003E621C = {
						CreatedOnToolsVersion = 9.2;
						ProvisioningStyle = Automatic;
					};
				};
			};
			buildConfigurationList = 3A52769B20689E08003E621C /* Build configuration list for PBXProject "app-swoosh-drmusic45" */;
			compatibilityVersion = "Xcode 8.0";
			developmentRegion = en;
			hasScannedForEncodings = 0;
			knownRegions = (
				en,
				Base,
			);
			mainGroup = 3A52769720689E08003E621C;
			productRefGroup = 3A5276A120689E08003E621C /* Products */;
			projectDirPath = "";
			projectRoot = "";
			targets = (
				3A52769F20689E08003E621C /* app-swoosh-drmusic45 */,
			);
		};
/* End PBXProject section */

/* Begin PBXResourcesBuildPhase section */
		3A52769E20689E08003E621C /* Resources */ = {
			isa = PBXResourcesBuildPhase;
			buildActionMask = 2147483647;
			files = (
				3A5276AE20689E08003E621C /* LaunchScreen.storyboard in Resources */,
				3A5276AB20689E08003E621C /* Assets.xcassets in Resources */,
				3A5276A920689E08003E621C /* Main.storyboard in Resources */,
			);
			runOnlyForDeploymentPostprocessing = 0;
		};
/* End PBXResourcesBuildPhase section */

/* Begin PBXSourcesBuildPhase section */
		3A52769C20689E08003E621C /* Sources */ = {
			isa = PBXSourcesBuildPhase;
			buildActionMask = 2147483647;
			files = (
				3A5276A620689E08003E621C /* WelcomeVC.swift in Sources */,
				3A5276A420689E08003E621C /* AppDelegate.swift in Sources */,
				3A5276BB2068C046003E621C /* LeagueVC.swift in Sources */,
				3A5276BD2068C067003E621C /* SkillVC.swift in Sources */,
				3A5276B72068A1F2003E621C /* BorderButton.swift in Sources */,
			);
			runOnlyForDeploymentPostprocessing = 0;
		};
/* End PBXSourcesBuildPhase section */

/* Begin PBXVariantGroup section */
		3A5276A720689E08003E621C /* Main.storyboard */ = {
			isa = PBXVariantGroup;
			children = (
				3A5276A820689E08003E621C /* Base */,
			);
			name = Main.storyboard;
			sourceTree = "<group>";
		};
		3A5276AC20689E08003E621C /* LaunchScreen.storyboard */ = {
			isa = PBXVariantGroup;
			children = (
				3A5276AD20689E08003E621C /* Base */,
			);
			name = LaunchScreen.storyboard;
			sourceTree = "<group>";
		};
/* End PBXVariantGroup section */

/* Begin XCBuildConfiguration section */
		3A5276B020689E08003E621C /* Debug */ = {
			isa = XCBuildConfiguration;
			buildSettings = {
				ALWAYS_SEARCH_USER_PATHS = NO;
				CLANG_ANALYZER_NONNULL = YES;
				CLANG_ANALYZER_NUMBER_OBJECT_CONVERSION = YES_AGGRESSIVE;
				CLANG_CXX_LANGUAGE_STANDARD = "gnu++14";
				CLANG_CXX_LIBRARY = "libc++";
				CLANG_ENABLE_MODULES = YES;
				CLANG_ENABLE_OBJC_ARC = YES;
				CLANG_WARN_BLOCK_CAPTURE_AUTORELEASING = YES;
				CLANG_WARN_BOOL_CONVERSION = YES;
				CLANG_WARN_COMMA = YES;
				CLANG_WARN_CONSTANT_CONVERSION = YES;
				CLANG_WARN_DIRECT_OBJC_ISA_USAGE = YES_ERROR;
				CLANG_WARN_DOCUMENTATION_COMMENTS = YES;
				CLANG_WARN_EMPTY_BODY = YES;
				CLANG_WARN_ENUM_CONVERSION = YES;
				CLANG_WARN_INFINITE_RECURSION = YES;
				CLANG_WARN_INT_CONVERSION = YES;
				CLANG_WARN_NON_LITERAL_NULL_CONVERSION = YES;
				CLANG_WARN_OBJC_LITERAL_CONVERSION = YES;
				CLANG_WARN_OBJC_ROOT_CLASS = YES_ERROR;
				CLANG_WARN_RANGE_LOOP_ANALYSIS = YES;
				CLANG_WARN_STRICT_PROTOTYPES = YES;
				CLANG_WARN_SUSPICIOUS_MOVE = YES;
				CLANG_WARN_UNGUARDED_AVAILABILITY = YES_AGGRESSIVE;
				CLANG_WARN_UNREACHABLE_CODE = YES;
				CLANG_WARN__DUPLICATE_METHOD_MATCH = YES;
				CODE_SIGN_IDENTITY = "iPhone Developer";
				COPY_PHASE_STRIP = NO;
				DEBUG_INFORMATION_FORMAT = dwarf;
				ENABLE_STRICT_OBJC_MSGSEND = YES;
				ENABLE_TESTABILITY = YES;
				GCC_C_LANGUAGE_STANDARD = gnu11;
				GCC_DYNAMIC_NO_PIC = NO;
				GCC_NO_COMMON_BLOCKS = YES;
				GCC_OPTIMIZATION_LEVEL = 0;
				GCC_PREPROCESSOR_DEFINITIONS = (
					"DEBUG=1",
					"$(inherited)",
				);
				GCC_WARN_64_TO_32_BIT_CONVERSION = YES;
				GCC_WARN_ABOUT_RETURN_TYPE = YES_ERROR;
				GCC_WARN_UNDECLARED_SELECTOR = YES;
				GCC_WARN_UNINITIALIZED_AUTOS = YES_AGGRESSIVE;
				GCC_WARN_UNUSED_FUNCTION = YES;
				GCC_WARN_UNUSED_VARIABLE = YES;
				IPHONEOS_DEPLOYMENT_TARGET = 11.2;
				MTL_ENABLE_DEBUG_INFO = YES;
				ONLY_ACTIVE_ARCH = YES;
				SDKROOT = iphoneos;
				SWIFT_ACTIVE_COMPILATION_CONDITIONS = DEBUG;
				SWIFT_OPTIMIZATION_LEVEL = "-Onone";
			};
			name = Debug;
		};
		3A5276B120689E08003E621C /* Release */ = {
			isa = XCBuildConfiguration;
			buildSettings = {
				ALWAYS_SEARCH_USER_PATHS = NO;
				CLANG_ANALYZER_NONNULL = YES;
				CLANG_ANALYZER_NUMBER_OBJECT_CONVERSION = YES_AGGRESSIVE;
				CLANG_CXX_LANGUAGE_STANDARD = "gnu++14";
				CLANG_CXX_LIBRARY = "libc++";
				CLANG_ENABLE_MODULES = YES;
				CLANG_ENABLE_OBJC_ARC = YES;
				CLANG_WARN_BLOCK_CAPTURE_AUTORELEASING = YES;
				CLANG_WARN_BOOL_CONVERSION = YES;
				CLANG_WARN_COMMA = YES;
				CLANG_WARN_CONSTANT_CONVERSION = YES;
				CLANG_WARN_DIRECT_OBJC_ISA_USAGE = YES_ERROR;
				CLANG_WARN_DOCUMENTATION_COMMENTS = YES;
				CLANG_WARN_EMPTY_BODY = YES;
				CLANG_WARN_ENUM_CONVERSION = YES;
				CLANG_WARN_INFINITE_RECURSION = YES;
				CLANG_WARN_INT_CONVERSION = YES;
				CLANG_WARN_NON_LITERAL_NULL_CONVERSION = YES;
				CLANG_WARN_OBJC_LITERAL_CONVERSION = YES;
				CLANG_WARN_OBJC_ROOT_CLASS = YES_ERROR;
				CLANG_WARN_RANGE_LOOP_ANALYSIS = YES;
				CLANG_WARN_STRICT_PROTOTYPES = YES;
				CLANG_WARN_SUSPICIOUS_MOVE = YES;
				CLANG_WARN_UNGUARDED_AVAILABILITY = YES_AGGRESSIVE;
				CLANG_WARN_UNREACHABLE_CODE = YES;
				CLANG_WARN__DUPLICATE_METHOD_MATCH = YES;
				CODE_SIGN_IDENTITY = "iPhone Developer";
				COPY_PHASE_STRIP = NO;
				DEBUG_INFORMATION_FORMAT = "dwarf-with-dsym";
				ENABLE_NS_ASSERTIONS = NO;
				ENABLE_STRICT_OBJC_MSGSEND = YES;
				GCC_C_LANGUAGE_STANDARD = gnu11;
				GCC_NO_COMMON_BLOCKS = YES;
				GCC_WARN_64_TO_32_BIT_CONVERSION = YES;
				GCC_WARN_ABOUT_RETURN_TYPE = YES_ERROR;
				GCC_WARN_UNDECLARED_SELECTOR = YES;
				GCC_WARN_UNINITIALIZED_AUTOS = YES_AGGRESSIVE;
				GCC_WARN_UNUSED_FUNCTION = YES;
				GCC_WARN_UNUSED_VARIABLE = YES;
				IPHONEOS_DEPLOYMENT_TARGET = 11.2;
				MTL_ENABLE_DEBUG_INFO = NO;
				SDKROOT = iphoneos;
				SWIFT_OPTIMIZATION_LEVEL = "-Owholemodule";
				VALIDATE_PRODUCT = YES;
			};
			name = Release;
		};
		3A5276B320689E08003E621C /* Debug */ = {
			isa = XCBuildConfiguration;
			buildSettings = {
				ASSETCATALOG_COMPILER_APPICON_NAME = AppIcon;
				CODE_SIGN_STYLE = Automatic;
				INFOPLIST_FILE = "app-swoosh-drmusic45/Info.plist";
				LD_RUNPATH_SEARCH_PATHS = "$(inherited) @executable_path/Frameworks";
				PRODUCT_BUNDLE_IDENTIFIER = "com.mobilestudio.app-swoosh-drmusic45";
				PRODUCT_NAME = "$(TARGET_NAME)";
				SWIFT_VERSION = 4.0;
				TARGETED_DEVICE_FAMILY = "1,2";
			};
			name = Debug;
		};
		3A5276B420689E08003E621C /* Release */ = {
			isa = XCBuildConfiguration;
			buildSettings = {
				ASSETCATALOG_COMPILER_APPICON_NAME = AppIcon;
				CODE_SIGN_STYLE = Automatic;
				INFOPLIST_FILE = "app-swoosh-drmusic45/Info.plist";
				LD_RUNPATH_SEARCH_PATHS = "$(inherited) @executable_path/Frameworks";
				PRODUCT_BUNDLE_IDENTIFIER = "com.mobilestudio.app-swoosh-drmusic45";
				PRODUCT_NAME = "$(TARGET_NAME)";
				SWIFT_VERSION = 4.0;
				TARGETED_DEVICE_FAMILY = "1,2";
			};
			name = Release;
		};
/* End XCBuildConfiguration section */

/* Begin XCConfigurationList section */
		3A52769B20689E08003E621C /* Build configuration list for PBXProject "app-swoosh-drmusic45" */ = {
			isa = XCConfigurationList;
			buildConfigurations = (
				3A5276B020689E08003E621C /* Debug */,
				3A5276B120689E08003E621C /* Release */,
			);
			defaultConfigurationIsVisible = 0;
			defaultConfigurationName = Release;
		};
		3A5276B220689E08003E621C /* Build configuration list for PBXNativeTarget "app-swoosh-drmusic45" */ = {
			isa = XCConfigurationList;
			buildConfigurations = (
				3A5276B320689E08003E621C /* Debug */,
				3A5276B420689E08003E621C /* Release */,
			);
			defaultConfigurationIsVisible = 0;
			defaultConfigurationName = Release;
		};
/* End XCConfigurationList section */
	};
	rootObject = 3A52769820689E08003E621C /* Project object */;
}
